
Microsoft Visual Studio Solution File, Format Version 12.00
# Visual Studio Version 16
VisualStudioVersion = 16.0.29519.181
MinimumVisualStudioVersion = 10.0.40219.1
Project("{FAE04EC0-301F-11D3-BF4B-00C04F79EFBC}") = "PA05_POT", "PA05_POT\PA05_POT.csproj", "{9637AC8C-FE89-4321-A3F8-DF763169B4EE}"
EndProject
Global
	GlobalSection(SolutionConfigurationPlatforms) = preSolution
		Debug|Any CPU = Debug|Any CPU
		Release|Any CPU = Release|Any CPU
	EndGlobalSection
	GlobalSection(ProjectConfigurationPlatforms) = postSolution
		{9637AC8C-FE89-4321-A3F8-DF763169B4EE}.Debug|Any CPU.ActiveCfg = Debug|Any CPU
		{9637AC8C-FE89-4321-A3F8-DF763169B4EE}.Debug|Any CPU.Build.0 = Debug|Any CPU
		{9637AC8C-FE89-4321-A3F8-DF763169B4EE}.Release|Any CPU.ActiveCfg = Release|Any CPU
		{9637AC8C-FE89-4321-A3F8-DF763169B4EE}.Release|Any CPU.Build.0 = Release|Any CPU
	EndGlobalSection
	GlobalSection(SolutionProperties) = preSolution
		HideSolutionNode = FALSE
	EndGlobalSection
	GlobalSection(ExtensibilityGlobals) = postSolution
		SolutionGuid = {B21906B6-35C4-496B-9A66-E13B95631D77}
	EndGlobalSection
EndGlobal
